
Microsoft Visual Studio Solution File, Format Version 12.00
# Visual Studio Version 17
VisualStudioVersion = 17.14.36414.22 d17.14
MinimumVisualStudioVersion = 10.0.40219.1
Project("{FAE04EC0-301F-11D3-BF4B-00C04F79EFBC}") = "ReBloxLauncher", "ReBloxLauncher\ReBloxLauncher.csproj", "{76C74999-3C9F-4B62-9522-EEA675CAD72B}"
EndProject
Global
	GlobalSection(SolutionConfigurationPlatforms) = preSolution
		Debug|Any CPU = Debug|Any CPU
		Release|Any CPU = Release|Any CPU
	EndGlobalSection
	GlobalSection(ProjectConfigurationPlatforms) = postSolution
		{76C74999-3C9F-4B62-9522-EEA675CAD72B}.Debug|Any CPU.ActiveCfg = Debug|Any CPU
		{76C74999-3C9F-4B62-9522-EEA675CAD72B}.Debug|Any CPU.Build.0 = Debug|Any CPU
		{76C74999-3C9F-4B62-9522-EEA675CAD72B}.Release|Any CPU.ActiveCfg = Release|Any CPU
		{76C74999-3C9F-4B62-9522-EEA675CAD72B}.Release|Any CPU.Build.0 = Release|Any CPU
	EndGlobalSection
	GlobalSection(SolutionProperties) = preSolution
		HideSolutionNode = FALSE
	EndGlobalSection
	GlobalSection(ExtensibilityGlobals) = postSolution
		SolutionGuid = {CF8AEF95-1BCC-4CC9-A4B1-9FCA880E82A3}
	EndGlobalSection
EndGlobal
